
Microsoft Visual Studio Solution File, Format Version 12.00
# Visual Studio Version 16
VisualStudioVersion = 16.0.31313.79
MinimumVisualStudioVersion = 10.0.40219.1
Project("{FAE04EC0-301F-11D3-BF4B-00C04F79EFBC}") = "KLich", "KLich\KLich.csproj", "{F2ED77D1-FE06-43D8-B84C-9D918937E9AD}"
EndProject
Global
	GlobalSection(SolutionConfigurationPlatforms) = preSolution
		Debug|Any CPU = Debug|Any CPU
		Release|Any CPU = Release|Any CPU
	EndGlobalSection
	GlobalSection(ProjectConfigurationPlatforms) = postSolution
		{F2ED77D1-FE06-43D8-B84C-9D918937E9AD}.Debug|Any CPU.ActiveCfg = Debug|Any CPU
		{F2ED77D1-FE06-43D8-B84C-9D918937E9AD}.Debug|Any CPU.Build.0 = Debug|Any CPU
		{F2ED77D1-FE06-43D8-B84C-9D918937E9AD}.Release|Any CPU.ActiveCfg = Release|Any CPU
		{F2ED77D1-FE06-43D8-B84C-9D918937E9AD}.Release|Any CPU.Build.0 = Release|Any CPU
	EndGlobalSection
	GlobalSection(SolutionProperties) = preSolution
		HideSolutionNode = FALSE
	EndGlobalSection
	GlobalSection(ExtensibilityGlobals) = postSolution
		SolutionGuid = {E0CB1F04-2E0E-46E9-9846-C3BD1022D0B9}
	EndGlobalSection
EndGlobal
